// !$*UTF8*$!
{
	archiveVersion = 1;
	classes = {
	};
	objectVersion = 56;
	objects = {

/* Begin PBXBuildFile section */
		202EFE3D291DB92C00CD90B2 /* AppDelegate.swift in Sources */ = {isa = PBXBuildFile; fileRef = 202EFE3C291DB92C00CD90B2 /* AppDelegate.swift */; };
		202EFE3F291DB92C00CD90B2 /* SceneDelegate.swift in Sources */ = {isa = PBXBuildFile; fileRef = 202EFE3E291DB92C00CD90B2 /* SceneDelegate.swift */; };
		202EFE41291DB92C00CD90B2 /* Tela01ViewController.swift in Sources */ = {isa = PBXBuildFile; fileRef = 202EFE40291DB92C00CD90B2 /* Tela01ViewController.swift */; };
		202EFE44291DB92C00CD90B2 /* Main.storyboard in Resources */ = {isa = PBXBuildFile; fileRef = 202EFE42291DB92C00CD90B2 /* Main.storyboard */; };
		202EFE46291DB92E00CD90B2 /* Assets.xcassets in Resources */ = {isa = PBXBuildFile; fileRef = 202EFE45291DB92E00CD90B2 /* Assets.xcassets */; };
		202EFE49291DB92E00CD90B2 /* LaunchScreen.storyboard in Resources */ = {isa = PBXBuildFile; fileRef = 202EFE47291DB92E00CD90B2 /* LaunchScreen.storyboard */; };
		202EFE51291DC0DC00CD90B2 /* Tela02ViewController.swift in Sources */ = {isa = PBXBuildFile; fileRef = 202EFE50291DC0DC00CD90B2 /* Tela02ViewController.swift */; };
		202EFE53291DC10400CD90B2 /* Tela03ViewController.swift in Sources */ = {isa = PBXBuildFile; fileRef = 202EFE52291DC10400CD90B2 /* Tela03ViewController.swift */; };
		202EFE55291DC26700CD90B2 /* TabBarController.swift in Sources */ = {isa = PBXBuildFile; fileRef = 202EFE54291DC26700CD90B2 /* TabBarController.swift */; };
		202EFE59291DD60800CD90B2 /* User.swift in Sources */ = {isa = PBXBuildFile; fileRef = 202EFE58291DD60800CD90B2 /* User.swift */; };
		202EFE5C291DD65B00CD90B2 /* ImageTableViewCell.swift in Sources */ = {isa = PBXBuildFile; fileRef = 202EFE5A291DD65B00CD90B2 /* ImageTableViewCell.swift */; };
		202EFE5D291DD65B00CD90B2 /* ImageTableViewCell.xib in Resources */ = {isa = PBXBuildFile; fileRef = 202EFE5B291DD65B00CD90B2 /* ImageTableViewCell.xib */; };
/* End PBXBuildFile section */

/* Begin PBXFileReference section */
		202EFE39291DB92C00CD90B2 /* PrimeiroProjetoTabBar.app */ = {isa = PBXFileReference; explicitFileType = wrapper.application; includeInIndex = 0; path = PrimeiroProjetoTabBar.app; sourceTree = BUILT_PRODUCTS_DIR; };
		202EFE3C291DB92C00CD90B2 /* AppDelegate.swift */ = {isa = PBXFileReference; lastKnownFileType = sourcecode.swift; path = AppDelegate.swift; sourceTree = "<group>"; };
		202EFE3E291DB92C00CD90B2 /* SceneDelegate.swift */ = {isa = PBXFileReference; lastKnownFileType = sourcecode.swift; path = SceneDelegate.swift; sourceTree = "<group>"; };
		202EFE40291DB92C00CD90B2 /* Tela01ViewController.swift */ = {isa = PBXFileReference; lastKnownFileType = sourcecode.swift; path = Tela01ViewController.swift; sourceTree = "<group>"; };
		202EFE43291DB92C00CD90B2 /* Base */ = {isa = PBXFileReference; lastKnownFileType = file.storyboard; name = Base; path = Base.lproj/Main.storyboard; sourceTree = "<group>"; };
		202EFE45291DB92E00CD90B2 /* Assets.xcassets */ = {isa = PBXFileReference; lastKnownFileType = folder.assetcatalog; path = Assets.xcassets; sourceTree = "<group>"; };
		202EFE48291DB92E00CD90B2 /* Base */ = {isa = PBXFileReference; lastKnownFileType = file.storyboard; name = Base; path = Base.lproj/LaunchScreen.storyboard; sourceTree = "<group>"; };
		202EFE4A291DB92E00CD90B2 /* Info.plist */ = {isa = PBXFileReference; lastKnownFileType = text.plist.xml; path = Info.plist; sourceTree = "<group>"; };
		202EFE50291DC0DC00CD90B2 /* Tela02ViewController.swift */ = {isa = PBXFileReference; lastKnownFileType = sourcecode.swift; path = Tela02ViewController.swift; sourceTree = "<group>"; };
		202EFE52291DC10400CD90B2 /* Tela03ViewController.swift */ = {isa = PBXFileReference; lastKnownFileType = sourcecode.swift; path = Tela03ViewController.swift; sourceTree = "<group>"; };
		202EFE54291DC26700CD90B2 /* TabBarController.swift */ = {isa = PBXFileReference; lastKnownFileType = sourcecode.swift; path = TabBarController.swift; sourceTree = "<group>"; };
		202EFE58291DD60800CD90B2 /* User.swift */ = {isa = PBXFileReference; lastKnownFileType = sourcecode.swift; path = User.swift; sourceTree = "<group>"; };
		202EFE5A291DD65B00CD90B2 /* ImageTableViewCell.swift */ = {isa = PBXFileReference; lastKnownFileType = sourcecode.swift; path = ImageTableViewCell.swift; sourceTree = "<group>"; };
		202EFE5B291DD65B00CD90B2 /* ImageTableViewCell.xib */ = {isa = PBXFileReference; lastKnownFileType = file.xib; path = ImageTableViewCell.xib; sourceTree = "<group>"; };
/* End PBXFileReference section */

/* Begin PBXFrameworksBuildPhase section */
		202EFE36291DB92C00CD90B2 /* Frameworks */ = {
			isa = PBXFrameworksBuildPhase;
			buildActionMask = 2147483647;
			files = (
			);
			runOnlyForDeploymentPostprocessing = 0;
		};
/* End PBXFrameworksBuildPhase section */

/* Begin PBXGroup section */
		202EFE30291DB92C00CD90B2 = {
			isa = PBXGroup;
			children = (
				202EFE3B291DB92C00CD90B2 /* PrimeiroProjetoTabBar */,
				202EFE3A291DB92C00CD90B2 /* Products */,
			);
			sourceTree = "<group>";
		};
		202EFE3A291DB92C00CD90B2 /* Products */ = {
			isa = PBXGroup;
			children = (
				202EFE39291DB92C00CD90B2 /* PrimeiroProjetoTabBar.app */,
			);
			name = Products;
			sourceTree = "<group>";
		};
		202EFE3B291DB92C00CD90B2 /* PrimeiroProjetoTabBar */ = {
			isa = PBXGroup;
			children = (
				202EFE57291DD5EE00CD90B2 /* Model */,
				202EFE56291DD5DB00CD90B2 /* TableViewCell */,
				202EFE3C291DB92C00CD90B2 /* AppDelegate.swift */,
				202EFE3E291DB92C00CD90B2 /* SceneDelegate.swift */,
				202EFE40291DB92C00CD90B2 /* Tela01ViewController.swift */,
				202EFE50291DC0DC00CD90B2 /* Tela02ViewController.swift */,
				202EFE52291DC10400CD90B2 /* Tela03ViewController.swift */,
				202EFE42291DB92C00CD90B2 /* Main.storyboard */,
				202EFE45291DB92E00CD90B2 /* Assets.xcassets */,
				202EFE47291DB92E00CD90B2 /* LaunchScreen.storyboard */,
				202EFE4A291DB92E00CD90B2 /* Info.plist */,
				202EFE54291DC26700CD90B2 /* TabBarController.swift */,
			);
			path = PrimeiroProjetoTabBar;
			sourceTree = "<group>";
		};
		202EFE56291DD5DB00CD90B2 /* TableViewCell */ = {
			isa = PBXGroup;
			children = (
				202EFE5A291DD65B00CD90B2 /* ImageTableViewCell.swift */,
				202EFE5B291DD65B00CD90B2 /* ImageTableViewCell.xib */,
			);
			path = TableViewCell;
			sourceTree = "<group>";
		};
		202EFE57291DD5EE00CD90B2 /* Model */ = {
			isa = PBXGroup;
			children = (
				202EFE58291DD60800CD90B2 /* User.swift */,
			);
			path = Model;
			sourceTree = "<group>";
		};
/* End PBXGroup section */

/* Begin PBXNativeTarget section */
		202EFE38291DB92C00CD90B2 /* PrimeiroProjetoTabBar */ = {
			isa = PBXNativeTarget;
			buildConfigurationList = 202EFE4D291DB92E00CD90B2 /* Build configuration list for PBXNativeTarget "PrimeiroProjetoTabBar" */;
			buildPhases = (
				202EFE35291DB92C00CD90B2 /* Sources */,
				202EFE36291DB92C00CD90B2 /* Frameworks */,
				202EFE37291DB92C00CD90B2 /* Resources */,
			);
			buildRules = (
			);
			dependencies = (
			);
			name = PrimeiroProjetoTabBar;
			productName = PrimeiroProjetoTabBar;
			productReference = 202EFE39291DB92C00CD90B2 /* PrimeiroProjetoTabBar.app */;
			productType = "com.apple.product-type.application";
		};
/* End PBXNativeTarget section */

/* Begin PBXProject section */
		202EFE31291DB92C00CD90B2 /* Project object */ = {
			isa = PBXProject;
			attributes = {
				BuildIndependentTargetsInParallel = 1;
				LastSwiftUpdateCheck = 1400;
				LastUpgradeCheck = 1400;
				TargetAttributes = {
					202EFE38291DB92C00CD90B2 = {
						CreatedOnToolsVersion = 14.0;
					};
				};
			};
			buildConfigurationList = 202EFE34291DB92C00CD90B2 /* Build configuration list for PBXProject "PrimeiroProjetoTabBar" */;
			compatibilityVersion = "Xcode 14.0";
			developmentRegion = en;
			hasScannedForEncodings = 0;
			knownRegions = (
				en,
				Base,
			);
			mainGroup = 202EFE30291DB92C00CD90B2;
			productRefGroup = 202EFE3A291DB92C00CD90B2 /* Products */;
			projectDirPath = "";
			projectRoot = "";
			targets = (
				202EFE38291DB92C00CD90B2 /* PrimeiroProjetoTabBar */,
			);
		};
/* End PBXProject section */

/* Begin PBXResourcesBuildPhase section */
		202EFE37291DB92C00CD90B2 /* Resources */ = {
			isa = PBXResourcesBuildPhase;
			buildActionMask = 2147483647;
			files = (
				202EFE49291DB92E00CD90B2 /* LaunchScreen.storyboard in Resources */,
				202EFE5D291DD65B00CD90B2 /* ImageTableViewCell.xib in Resources */,
				202EFE46291DB92E00CD90B2 /* Assets.xcassets in Resources */,
				202EFE44291DB92C00CD90B2 /* Main.storyboard in Resources */,
			);
			runOnlyForDeploymentPostprocessing = 0;
		};
/* End PBXResourcesBuildPhase section */

/* Begin PBXSourcesBuildPhase section */
		202EFE35291DB92C00CD90B2 /* Sources */ = {
			isa = PBXSourcesBuildPhase;
			buildActionMask = 2147483647;
			files = (
				202EFE51291DC0DC00CD90B2 /* Tela02ViewController.swift in Sources */,
				202EFE5C291DD65B00CD90B2 /* ImageTableViewCell.swift in Sources */,
				202EFE41291DB92C00CD90B2 /* Tela01ViewController.swift in Sources */,
				202EFE3D291DB92C00CD90B2 /* AppDelegate.swift in Sources */,
				202EFE55291DC26700CD90B2 /* TabBarController.swift in Sources */,
				202EFE3F291DB92C00CD90B2 /* SceneDelegate.swift in Sources */,
				202EFE53291DC10400CD90B2 /* Tela03ViewController.swift in Sources */,
				202EFE59291DD60800CD90B2 /* User.swift in Sources */,
			);
			runOnlyForDeploymentPostprocessing = 0;
		};
/* End PBXSourcesBuildPhase section */

/* Begin PBXVariantGroup section */
		202EFE42291DB92C00CD90B2 /* Main.storyboard */ = {
			isa = PBXVariantGroup;
			children = (
				202EFE43291DB92C00CD90B2 /* Base */,
			);
			name = Main.storyboard;
			sourceTree = "<group>";
		};
		202EFE47291DB92E00CD90B2 /* LaunchScreen.storyboard */ = {
			isa = PBXVariantGroup;
			children = (
				202EFE48291DB92E00CD90B2 /* Base */,
			);
			name = LaunchScreen.storyboard;
			sourceTree = "<group>";
		};
/* End PBXVariantGroup section */

/* Begin XCBuildConfiguration section */
		202EFE4B291DB92E00CD90B2 /* Debug */ = {
			isa = XCBuildConfiguration;
			buildSettings = {
				ALWAYS_SEARCH_USER_PATHS = NO;
				CLANG_ANALYZER_NONNULL = YES;
				CLANG_ANALYZER_NUMBER_OBJECT_CONVERSION = YES_AGGRESSIVE;
				CLANG_CXX_LANGUAGE_STANDARD = "gnu++20";
				CLANG_ENABLE_MODULES = YES;
				CLANG_ENABLE_OBJC_ARC = YES;
				CLANG_ENABLE_OBJC_WEAK = YES;
				CLANG_WARN_BLOCK_CAPTURE_AUTORELEASING = YES;
				CLANG_WARN_BOOL_CONVERSION = YES;
				CLANG_WARN_COMMA = YES;
				CLANG_WARN_CONSTANT_CONVERSION = YES;
				CLANG_WARN_DEPRECATED_OBJC_IMPLEMENTATIONS = YES;
				CLANG_WARN_DIRECT_OBJC_ISA_USAGE = YES_ERROR;
				CLANG_WARN_DOCUMENTATION_COMMENTS = YES;
				CLANG_WARN_EMPTY_BODY = YES;
				CLANG_WARN_ENUM_CONVERSION = YES;
				CLANG_WARN_INFINITE_RECURSION = YES;
				CLANG_WARN_INT_CONVERSION = YES;
				CLANG_WARN_NON_LITERAL_NULL_CONVERSION = YES;
				CLANG_WARN_OBJC_IMPLICIT_RETAIN_SELF = YES;
				CLANG_WARN_OBJC_LITERAL_CONVERSION = YES;
				CLANG_WARN_OBJC_ROOT_CLASS = YES_ERROR;
				CLANG_WARN_QUOTED_INCLUDE_IN_FRAMEWORK_HEADER = YES;
				CLANG_WARN_RANGE_LOOP_ANALYSIS = YES;
				CLANG_WARN_STRICT_PROTOTYPES = YES;
				CLANG_WARN_SUSPICIOUS_MOVE = YES;
				CLANG_WARN_UNGUARDED_AVAILABILITY = YES_AGGRESSIVE;
				CLANG_WARN_UNREACHABLE_CODE = YES;
				CLANG_WARN__DUPLICATE_METHOD_MATCH = YES;
				COPY_PHASE_STRIP = NO;
				DEBUG_INFORMATION_FORMAT = dwarf;
				ENABLE_STRICT_OBJC_MSGSEND = YES;
				ENABLE_TESTABILITY = YES;
				GCC_C_LANGUAGE_STANDARD = gnu11;
				GCC_DYNAMIC_NO_PIC = NO;
				GCC_NO_COMMON_BLOCKS = YES;
				GCC_OPTIMIZATION_LEVEL = 0;
				GCC_PREPROCESSOR_DEFINITIONS = (
					"DEBUG=1",
					"$(inherited)",
				);
				GCC_WARN_64_TO_32_BIT_CONVERSION = YES;
				GCC_WARN_ABOUT_RETURN_TYPE = YES_ERROR;
				GCC_WARN_UNDECLARED_SELECTOR = YES;
				GCC_WARN_UNINITIALIZED_AUTOS = YES_AGGRESSIVE;
				GCC_WARN_UNUSED_FUNCTION = YES;
				GCC_WARN_UNUSED_VARIABLE = YES;
				IPHONEOS_DEPLOYMENT_TARGET = 16.0;
				MTL_ENABLE_DEBUG_INFO = INCLUDE_SOURCE;
				MTL_FAST_MATH = YES;
				ONLY_ACTIVE_ARCH = YES;
				SDKROOT = iphoneos;
				SWIFT_ACTIVE_COMPILATION_CONDITIONS = DEBUG;
				SWIFT_OPTIMIZATION_LEVEL = "-Onone";
			};
			name = Debug;
		};
		202EFE4C291DB92E00CD90B2 /* Release */ = {
			isa = XCBuildConfiguration;
			buildSettings = {
				ALWAYS_SEARCH_USER_PATHS = NO;
				CLANG_ANALYZER_NONNULL = YES;
				CLANG_ANALYZER_NUMBER_OBJECT_CONVERSION = YES_AGGRESSIVE;
				CLANG_CXX_LANGUAGE_STANDARD = "gnu++20";
				CLANG_ENABLE_MODULES = YES;
				CLANG_ENABLE_OBJC_ARC = YES;
				CLANG_ENABLE_OBJC_WEAK = YES;
				CLANG_WARN_BLOCK_CAPTURE_AUTORELEASING = YES;
				CLANG_WARN_BOOL_CONVERSION = YES;
				CLANG_WARN_COMMA = YES;
				CLANG_WARN_CONSTANT_CONVERSION = YES;
				CLANG_WARN_DEPRECATED_OBJC_IMPLEMENTATIONS = YES;
				CLANG_WARN_DIRECT_OBJC_ISA_USAGE = YES_ERROR;
				CLANG_WARN_DOCUMENTATION_COMMENTS = YES;
				CLANG_WARN_EMPTY_BODY = YES;
				CLANG_WARN_ENUM_CONVERSION = YES;
				CLANG_WARN_INFINITE_RECURSION = YES;
				CLANG_WARN_INT_CONVERSION = YES;
				CLANG_WARN_NON_LITERAL_NULL_CONVERSION = YES;
				CLANG_WARN_OBJC_IMPLICIT_RETAIN_SELF = YES;
				CLANG_WARN_OBJC_LITERAL_CONVERSION = YES;
				CLANG_WARN_OBJC_ROOT_CLASS = YES_ERROR;
				CLANG_WARN_QUOTED_INCLUDE_IN_FRAMEWORK_HEADER = YES;
				CLANG_WARN_RANGE_LOOP_ANALYSIS = YES;
				CLANG_WARN_STRICT_PROTOTYPES = YES;
				CLANG_WARN_SUSPICIOUS_MOVE = YES;
				CLANG_WARN_UNGUARDED_AVAILABILITY = YES_AGGRESSIVE;
				CLANG_WARN_UNREACHABLE_CODE = YES;
				CLANG_WARN__DUPLICATE_METHOD_MATCH = YES;
				COPY_PHASE_STRIP = NO;
				DEBUG_INFORMATION_FORMAT = "dwarf-with-dsym";
				ENABLE_NS_ASSERTIONS = NO;
				ENABLE_STRICT_OBJC_MSGSEND = YES;
				GCC_C_LANGUAGE_STANDARD = gnu11;
				GCC_NO_COMMON_BLOCKS = YES;
				GCC_WARN_64_TO_32_BIT_CONVERSION = YES;
				GCC_WARN_ABOUT_RETURN_TYPE = YES_ERROR;
				GCC_WARN_UNDECLARED_SELECTOR = YES;
				GCC_WARN_UNINITIALIZED_AUTOS = YES_AGGRESSIVE;
				GCC_WARN_UNUSED_FUNCTION = YES;
				GCC_WARN_UNUSED_VARIABLE = YES;
				IPHONEOS_DEPLOYMENT_TARGET = 16.0;
				MTL_ENABLE_DEBUG_INFO = NO;
				MTL_FAST_MATH = YES;
				SDKROOT = iphoneos;
				SWIFT_COMPILATION_MODE = wholemodule;
				SWIFT_OPTIMIZATION_LEVEL = "-O";
				VALIDATE_PRODUCT = YES;
			};
			name = Release;
		};
		202EFE4E291DB92E00CD90B2 /* Debug */ = {
			isa = XCBuildConfiguration;
			buildSettings = {
				ASSETCATALOG_COMPILER_APPICON_NAME = AppIcon;
				ASSETCATALOG_COMPILER_GLOBAL_ACCENT_COLOR_NAME = AccentColor;
				CODE_SIGN_STYLE = Automatic;
				CURRENT_PROJECT_VERSION = 1;
				GENERATE_INFOPLIST_FILE = YES;
				INFOPLIST_FILE = PrimeiroProjetoTabBar/Info.plist;
				INFOPLIST_KEY_UIApplicationSupportsIndirectInputEvents = YES;
				INFOPLIST_KEY_UILaunchStoryboardName = LaunchScreen;
				INFOPLIST_KEY_UIMainStoryboardFile = Main;
				INFOPLIST_KEY_UISupportedInterfaceOrientations_iPad = "UIInterfaceOrientationPortrait UIInterfaceOrientationPortraitUpsideDown UIInterfaceOrientationLandscapeLeft UIInterfaceOrientationLandscapeRight";
				INFOPLIST_KEY_UISupportedInterfaceOrientations_iPhone = "UIInterfaceOrientationPortrait UIInterfaceOrientationLandscapeLeft UIInterfaceOrientationLandscapeRight";
				LD_RUNPATH_SEARCH_PATHS = (
					"$(inherited)",
					"@executable_path/Frameworks",
				);
				MARKETING_VERSION = 1.0;
				PRODUCT_BUNDLE_IDENTIFIER = backfront.PrimeiroProjetoTabBar;
				PRODUCT_NAME = "$(TARGET_NAME)";
				SWIFT_EMIT_LOC_STRINGS = YES;
				SWIFT_VERSION = 5.0;
				TARGETED_DEVICE_FAMILY = "1,2";
			};
			name = Debug;
		};
		202EFE4F291DB92E00CD90B2 /* Release */ = {
			isa = XCBuildConfiguration;
			buildSettings = {
				ASSETCATALOG_COMPILER_APPICON_NAME = AppIcon;
				ASSETCATALOG_COMPILER_GLOBAL_ACCENT_COLOR_NAME = AccentColor;
				CODE_SIGN_STYLE = Automatic;
				CURRENT_PROJECT_VERSION = 1;
				GENERATE_INFOPLIST_FILE = YES;
				INFOPLIST_FILE = PrimeiroProjetoTabBar/Info.plist;
				INFOPLIST_KEY_UIApplicationSupportsIndirectInputEvents = YES;
				INFOPLIST_KEY_UILaunchStoryboardName = LaunchScreen;
				INFOPLIST_KEY_UIMainStoryboardFile = Main;
				INFOPLIST_KEY_UISupportedInterfaceOrientations_iPad = "UIInterfaceOrientationPortrait UIInterfaceOrientationPortraitUpsideDown UIInterfaceOrientationLandscapeLeft UIInterfaceOrientationLandscapeRight";
				INFOPLIST_KEY_UISupportedInterfaceOrientations_iPhone = "UIInterfaceOrientationPortrait UIInterfaceOrientationLandscapeLeft UIInterfaceOrientationLandscapeRight";
				LD_RUNPATH_SEARCH_PATHS = (
					"$(inherited)",
					"@executable_path/Frameworks",
				);
				MARKETING_VERSION = 1.0;
				PRODUCT_BUNDLE_IDENTIFIER = backfront.PrimeiroProjetoTabBar;
				PRODUCT_NAME = "$(TARGET_NAME)";
				SWIFT_EMIT_LOC_STRINGS = YES;
				SWIFT_VERSION = 5.0;
				TARGETED_DEVICE_FAMILY = "1,2";
			};
			name = Release;
		};
/* End XCBuildConfiguration section */

/* Begin XCConfigurationList section */
		202EFE34291DB92C00CD90B2 /* Build configuration list for PBXProject "PrimeiroProjetoTabBar" */ = {
			isa = XCConfigurationList;
			buildConfigurations = (
				202EFE4B291DB92E00CD90B2 /* Debug */,
				202EFE4C291DB92E00CD90B2 /* Release */,
			);
			defaultConfigurationIsVisible = 0;
			defaultConfigurationName = Release;
		};
		202EFE4D291DB92E00CD90B2 /* Build configuration list for PBXNativeTarget "PrimeiroProjetoTabBar" */ = {
			isa = XCConfigurationList;
			buildConfigurations = (
				202EFE4E291DB92E00CD90B2 /* Debug */,
				202EFE4F291DB92E00CD90B2 /* Release */,
			);
			defaultConfigurationIsVisible = 0;
			defaultConfigurationName = Release;
		};
/* End XCConfigurationList section */
	};
	rootObject = 202EFE31291DB92C00CD90B2 /* Project object */;
}
