// !$*UTF8*$!
{
	archiveVersion = 1;
	classes = {
	};
	objectVersion = 56;
	objects = {

/* Begin PBXBuildFile section */
		203A21A128FF879300B234CC /* AppDelegate.swift in Sources */ = {isa = PBXBuildFile; fileRef = 203A21A028FF879300B234CC /* AppDelegate.swift */; };
		203A21A328FF879300B234CC /* SceneDelegate.swift in Sources */ = {isa = PBXBuildFile; fileRef = 203A21A228FF879300B234CC /* SceneDelegate.swift */; };
		203A21A528FF879300B234CC /* ViewController.swift in Sources */ = {isa = PBXBuildFile; fileRef = 203A21A428FF879300B234CC /* ViewController.swift */; };
		203A21A828FF879300B234CC /* Main.storyboard in Resources */ = {isa = PBXBuildFile; fileRef = 203A21A628FF879300B234CC /* Main.storyboard */; };
		203A21AA28FF879400B234CC /* Assets.xcassets in Resources */ = {isa = PBXBuildFile; fileRef = 203A21A928FF879400B234CC /* Assets.xcassets */; };
		203A21AD28FF879400B234CC /* LaunchScreen.storyboard in Resources */ = {isa = PBXBuildFile; fileRef = 203A21AB28FF879400B234CC /* LaunchScreen.storyboard */; };
		203A21B628FF87CB00B234CC /* Tela02VC.swift in Sources */ = {isa = PBXBuildFile; fileRef = 203A21B528FF87CB00B234CC /* Tela02VC.swift */; };
		203A21B828FF87D800B234CC /* Tela02VC.storyboard in Resources */ = {isa = PBXBuildFile; fileRef = 203A21B728FF87D800B234CC /* Tela02VC.storyboard */; };
		203A21BB28FF8D9600B234CC /* Pessoa.swift in Sources */ = {isa = PBXBuildFile; fileRef = 203A21BA28FF8D9600B234CC /* Pessoa.swift */; };
/* End PBXBuildFile section */

/* Begin PBXFileReference section */
		203A219D28FF879300B234CC /* TransicaodeDadosEntreTelas2.app */ = {isa = PBXFileReference; explicitFileType = wrapper.application; includeInIndex = 0; path = TransicaodeDadosEntreTelas2.app; sourceTree = BUILT_PRODUCTS_DIR; };
		203A21A028FF879300B234CC /* AppDelegate.swift */ = {isa = PBXFileReference; lastKnownFileType = sourcecode.swift; path = AppDelegate.swift; sourceTree = "<group>"; };
		203A21A228FF879300B234CC /* SceneDelegate.swift */ = {isa = PBXFileReference; lastKnownFileType = sourcecode.swift; path = SceneDelegate.swift; sourceTree = "<group>"; };
		203A21A428FF879300B234CC /* ViewController.swift */ = {isa = PBXFileReference; lastKnownFileType = sourcecode.swift; path = ViewController.swift; sourceTree = "<group>"; };
		203A21A728FF879300B234CC /* Base */ = {isa = PBXFileReference; lastKnownFileType = file.storyboard; name = Base; path = Base.lproj/Main.storyboard; sourceTree = "<group>"; };
		203A21A928FF879400B234CC /* Assets.xcassets */ = {isa = PBXFileReference; lastKnownFileType = folder.assetcatalog; path = Assets.xcassets; sourceTree = "<group>"; };
		203A21AC28FF879400B234CC /* Base */ = {isa = PBXFileReference; lastKnownFileType = file.storyboard; name = Base; path = Base.lproj/LaunchScreen.storyboard; sourceTree = "<group>"; };
		203A21AE28FF879400B234CC /* Info.plist */ = {isa = PBXFileReference; lastKnownFileType = text.plist.xml; path = Info.plist; sourceTree = "<group>"; };
		203A21B528FF87CB00B234CC /* Tela02VC.swift */ = {isa = PBXFileReference; lastKnownFileType = sourcecode.swift; path = Tela02VC.swift; sourceTree = "<group>"; };
		203A21B728FF87D800B234CC /* Tela02VC.storyboard */ = {isa = PBXFileReference; lastKnownFileType = file.storyboard; path = Tela02VC.storyboard; sourceTree = "<group>"; };
		203A21BA28FF8D9600B234CC /* Pessoa.swift */ = {isa = PBXFileReference; lastKnownFileType = sourcecode.swift; path = Pessoa.swift; sourceTree = "<group>"; };
/* End PBXFileReference section */

/* Begin PBXFrameworksBuildPhase section */
		203A219A28FF879300B234CC /* Frameworks */ = {
			isa = PBXFrameworksBuildPhase;
			buildActionMask = 2147483647;
			files = (
			);
			runOnlyForDeploymentPostprocessing = 0;
		};
/* End PBXFrameworksBuildPhase section */

/* Begin PBXGroup section */
		203A219428FF879200B234CC = {
			isa = PBXGroup;
			children = (
				203A219F28FF879300B234CC /* TransicaodeDadosEntreTelas2 */,
				203A219E28FF879300B234CC /* Products */,
			);
			sourceTree = "<group>";
		};
		203A219E28FF879300B234CC /* Products */ = {
			isa = PBXGroup;
			children = (
				203A219D28FF879300B234CC /* TransicaodeDadosEntreTelas2.app */,
			);
			name = Products;
			sourceTree = "<group>";
		};
		203A219F28FF879300B234CC /* TransicaodeDadosEntreTelas2 */ = {
			isa = PBXGroup;
			children = (
				203A21B928FF8D8400B234CC /* Model */,
				203A21B428FF87B000B234CC /* Tela02VC */,
				203A21A028FF879300B234CC /* AppDelegate.swift */,
				203A21A228FF879300B234CC /* SceneDelegate.swift */,
				203A21A428FF879300B234CC /* ViewController.swift */,
				203A21A628FF879300B234CC /* Main.storyboard */,
				203A21A928FF879400B234CC /* Assets.xcassets */,
				203A21AB28FF879400B234CC /* LaunchScreen.storyboard */,
				203A21AE28FF879400B234CC /* Info.plist */,
			);
			path = TransicaodeDadosEntreTelas2;
			sourceTree = "<group>";
		};
		203A21B428FF87B000B234CC /* Tela02VC */ = {
			isa = PBXGroup;
			children = (
				203A21B528FF87CB00B234CC /* Tela02VC.swift */,
				203A21B728FF87D800B234CC /* Tela02VC.storyboard */,
			);
			path = Tela02VC;
			sourceTree = "<group>";
		};
		203A21B928FF8D8400B234CC /* Model */ = {
			isa = PBXGroup;
			children = (
				203A21BA28FF8D9600B234CC /* Pessoa.swift */,
			);
			path = Model;
			sourceTree = "<group>";
		};
/* End PBXGroup section */

/* Begin PBXNativeTarget section */
		203A219C28FF879300B234CC /* TransicaodeDadosEntreTelas2 */ = {
			isa = PBXNativeTarget;
			buildConfigurationList = 203A21B128FF879400B234CC /* Build configuration list for PBXNativeTarget "TransicaodeDadosEntreTelas2" */;
			buildPhases = (
				203A219928FF879300B234CC /* Sources */,
				203A219A28FF879300B234CC /* Frameworks */,
				203A219B28FF879300B234CC /* Resources */,
			);
			buildRules = (
			);
			dependencies = (
			);
			name = TransicaodeDadosEntreTelas2;
			productName = TransicaodeDadosEntreTelas2;
			productReference = 203A219D28FF879300B234CC /* TransicaodeDadosEntreTelas2.app */;
			productType = "com.apple.product-type.application";
		};
/* End PBXNativeTarget section */

/* Begin PBXProject section */
		203A219528FF879200B234CC /* Project object */ = {
			isa = PBXProject;
			attributes = {
				BuildIndependentTargetsInParallel = 1;
				LastSwiftUpdateCheck = 1400;
				LastUpgradeCheck = 1400;
				TargetAttributes = {
					203A219C28FF879300B234CC = {
						CreatedOnToolsVersion = 14.0;
					};
				};
			};
			buildConfigurationList = 203A219828FF879200B234CC /* Build configuration list for PBXProject "TransicaodeDadosEntreTelas2" */;
			compatibilityVersion = "Xcode 14.0";
			developmentRegion = en;
			hasScannedForEncodings = 0;
			knownRegions = (
				en,
				Base,
			);
			mainGroup = 203A219428FF879200B234CC;
			productRefGroup = 203A219E28FF879300B234CC /* Products */;
			projectDirPath = "";
			projectRoot = "";
			targets = (
				203A219C28FF879300B234CC /* TransicaodeDadosEntreTelas2 */,
			);
		};
/* End PBXProject section */

/* Begin PBXResourcesBuildPhase section */
		203A219B28FF879300B234CC /* Resources */ = {
			isa = PBXResourcesBuildPhase;
			buildActionMask = 2147483647;
			files = (
				203A21AD28FF879400B234CC /* LaunchScreen.storyboard in Resources */,
				203A21AA28FF879400B234CC /* Assets.xcassets in Resources */,
				203A21A828FF879300B234CC /* Main.storyboard in Resources */,
				203A21B828FF87D800B234CC /* Tela02VC.storyboard in Resources */,
			);
			runOnlyForDeploymentPostprocessing = 0;
		};
/* End PBXResourcesBuildPhase section */

/* Begin PBXSourcesBuildPhase section */
		203A219928FF879300B234CC /* Sources */ = {
			isa = PBXSourcesBuildPhase;
			buildActionMask = 2147483647;
			files = (
				203A21BB28FF8D9600B234CC /* Pessoa.swift in Sources */,
				203A21A528FF879300B234CC /* ViewController.swift in Sources */,
				203A21A128FF879300B234CC /* AppDelegate.swift in Sources */,
				203A21B628FF87CB00B234CC /* Tela02VC.swift in Sources */,
				203A21A328FF879300B234CC /* SceneDelegate.swift in Sources */,
			);
			runOnlyForDeploymentPostprocessing = 0;
		};
/* End PBXSourcesBuildPhase section */

/* Begin PBXVariantGroup section */
		203A21A628FF879300B234CC /* Main.storyboard */ = {
			isa = PBXVariantGroup;
			children = (
				203A21A728FF879300B234CC /* Base */,
			);
			name = Main.storyboard;
			sourceTree = "<group>";
		};
		203A21AB28FF879400B234CC /* LaunchScreen.storyboard */ = {
			isa = PBXVariantGroup;
			children = (
				203A21AC28FF879400B234CC /* Base */,
			);
			name = LaunchScreen.storyboard;
			sourceTree = "<group>";
		};
/* End PBXVariantGroup section */

/* Begin XCBuildConfiguration section */
		203A21AF28FF879400B234CC /* Debug */ = {
			isa = XCBuildConfiguration;
			buildSettings = {
				ALWAYS_SEARCH_USER_PATHS = NO;
				CLANG_ANALYZER_NONNULL = YES;
				CLANG_ANALYZER_NUMBER_OBJECT_CONVERSION = YES_AGGRESSIVE;
				CLANG_CXX_LANGUAGE_STANDARD = "gnu++20";
				CLANG_ENABLE_MODULES = YES;
				CLANG_ENABLE_OBJC_ARC = YES;
				CLANG_ENABLE_OBJC_WEAK = YES;
				CLANG_WARN_BLOCK_CAPTURE_AUTORELEASING = YES;
				CLANG_WARN_BOOL_CONVERSION = YES;
				CLANG_WARN_COMMA = YES;
				CLANG_WARN_CONSTANT_CONVERSION = YES;
				CLANG_WARN_DEPRECATED_OBJC_IMPLEMENTATIONS = YES;
				CLANG_WARN_DIRECT_OBJC_ISA_USAGE = YES_ERROR;
				CLANG_WARN_DOCUMENTATION_COMMENTS = YES;
				CLANG_WARN_EMPTY_BODY = YES;
				CLANG_WARN_ENUM_CONVERSION = YES;
				CLANG_WARN_INFINITE_RECURSION = YES;
				CLANG_WARN_INT_CONVERSION = YES;
				CLANG_WARN_NON_LITERAL_NULL_CONVERSION = YES;
				CLANG_WARN_OBJC_IMPLICIT_RETAIN_SELF = YES;
				CLANG_WARN_OBJC_LITERAL_CONVERSION = YES;
				CLANG_WARN_OBJC_ROOT_CLASS = YES_ERROR;
				CLANG_WARN_QUOTED_INCLUDE_IN_FRAMEWORK_HEADER = YES;
				CLANG_WARN_RANGE_LOOP_ANALYSIS = YES;
				CLANG_WARN_STRICT_PROTOTYPES = YES;
				CLANG_WARN_SUSPICIOUS_MOVE = YES;
				CLANG_WARN_UNGUARDED_AVAILABILITY = YES_AGGRESSIVE;
				CLANG_WARN_UNREACHABLE_CODE = YES;
				CLANG_WARN__DUPLICATE_METHOD_MATCH = YES;
				COPY_PHASE_STRIP = NO;
				DEBUG_INFORMATION_FORMAT = dwarf;
				ENABLE_STRICT_OBJC_MSGSEND = YES;
				ENABLE_TESTABILITY = YES;
				GCC_C_LANGUAGE_STANDARD = gnu11;
				GCC_DYNAMIC_NO_PIC = NO;
				GCC_NO_COMMON_BLOCKS = YES;
				GCC_OPTIMIZATION_LEVEL = 0;
				GCC_PREPROCESSOR_DEFINITIONS = (
					"DEBUG=1",
					"$(inherited)",
				);
				GCC_WARN_64_TO_32_BIT_CONVERSION = YES;
				GCC_WARN_ABOUT_RETURN_TYPE = YES_ERROR;
				GCC_WARN_UNDECLARED_SELECTOR = YES;
				GCC_WARN_UNINITIALIZED_AUTOS = YES_AGGRESSIVE;
				GCC_WARN_UNUSED_FUNCTION = YES;
				GCC_WARN_UNUSED_VARIABLE = YES;
				IPHONEOS_DEPLOYMENT_TARGET = 16.0;
				MTL_ENABLE_DEBUG_INFO = INCLUDE_SOURCE;
				MTL_FAST_MATH = YES;
				ONLY_ACTIVE_ARCH = YES;
				SDKROOT = iphoneos;
				SWIFT_ACTIVE_COMPILATION_CONDITIONS = DEBUG;
				SWIFT_OPTIMIZATION_LEVEL = "-Onone";
			};
			name = Debug;
		};
		203A21B028FF879400B234CC /* Release */ = {
			isa = XCBuildConfiguration;
			buildSettings = {
				ALWAYS_SEARCH_USER_PATHS = NO;
				CLANG_ANALYZER_NONNULL = YES;
				CLANG_ANALYZER_NUMBER_OBJECT_CONVERSION = YES_AGGRESSIVE;
				CLANG_CXX_LANGUAGE_STANDARD = "gnu++20";
				CLANG_ENABLE_MODULES = YES;
				CLANG_ENABLE_OBJC_ARC = YES;
				CLANG_ENABLE_OBJC_WEAK = YES;
				CLANG_WARN_BLOCK_CAPTURE_AUTORELEASING = YES;
				CLANG_WARN_BOOL_CONVERSION = YES;
				CLANG_WARN_COMMA = YES;
				CLANG_WARN_CONSTANT_CONVERSION = YES;
				CLANG_WARN_DEPRECATED_OBJC_IMPLEMENTATIONS = YES;
				CLANG_WARN_DIRECT_OBJC_ISA_USAGE = YES_ERROR;
				CLANG_WARN_DOCUMENTATION_COMMENTS = YES;
				CLANG_WARN_EMPTY_BODY = YES;
				CLANG_WARN_ENUM_CONVERSION = YES;
				CLANG_WARN_INFINITE_RECURSION = YES;
				CLANG_WARN_INT_CONVERSION = YES;
				CLANG_WARN_NON_LITERAL_NULL_CONVERSION = YES;
				CLANG_WARN_OBJC_IMPLICIT_RETAIN_SELF = YES;
				CLANG_WARN_OBJC_LITERAL_CONVERSION = YES;
				CLANG_WARN_OBJC_ROOT_CLASS = YES_ERROR;
				CLANG_WARN_QUOTED_INCLUDE_IN_FRAMEWORK_HEADER = YES;
				CLANG_WARN_RANGE_LOOP_ANALYSIS = YES;
				CLANG_WARN_STRICT_PROTOTYPES = YES;
				CLANG_WARN_SUSPICIOUS_MOVE = YES;
				CLANG_WARN_UNGUARDED_AVAILABILITY = YES_AGGRESSIVE;
				CLANG_WARN_UNREACHABLE_CODE = YES;
				CLANG_WARN__DUPLICATE_METHOD_MATCH = YES;
				COPY_PHASE_STRIP = NO;
				DEBUG_INFORMATION_FORMAT = "dwarf-with-dsym";
				ENABLE_NS_ASSERTIONS = NO;
				ENABLE_STRICT_OBJC_MSGSEND = YES;
				GCC_C_LANGUAGE_STANDARD = gnu11;
				GCC_NO_COMMON_BLOCKS = YES;
				GCC_WARN_64_TO_32_BIT_CONVERSION = YES;
				GCC_WARN_ABOUT_RETURN_TYPE = YES_ERROR;
				GCC_WARN_UNDECLARED_SELECTOR = YES;
				GCC_WARN_UNINITIALIZED_AUTOS = YES_AGGRESSIVE;
				GCC_WARN_UNUSED_FUNCTION = YES;
				GCC_WARN_UNUSED_VARIABLE = YES;
				IPHONEOS_DEPLOYMENT_TARGET = 16.0;
				MTL_ENABLE_DEBUG_INFO = NO;
				MTL_FAST_MATH = YES;
				SDKROOT = iphoneos;
				SWIFT_COMPILATION_MODE = wholemodule;
				SWIFT_OPTIMIZATION_LEVEL = "-O";
				VALIDATE_PRODUCT = YES;
			};
			name = Release;
		};
		203A21B228FF879400B234CC /* Debug */ = {
			isa = XCBuildConfiguration;
			buildSettings = {
				ASSETCATALOG_COMPILER_APPICON_NAME = AppIcon;
				ASSETCATALOG_COMPILER_GLOBAL_ACCENT_COLOR_NAME = AccentColor;
				CODE_SIGN_STYLE = Automatic;
				CURRENT_PROJECT_VERSION = 1;
				GENERATE_INFOPLIST_FILE = YES;
				INFOPLIST_FILE = TransicaodeDadosEntreTelas2/Info.plist;
				INFOPLIST_KEY_UIApplicationSupportsIndirectInputEvents = YES;
				INFOPLIST_KEY_UILaunchStoryboardName = LaunchScreen;
				INFOPLIST_KEY_UIMainStoryboardFile = Main;
				INFOPLIST_KEY_UISupportedInterfaceOrientations_iPad = "UIInterfaceOrientationPortrait UIInterfaceOrientationPortraitUpsideDown UIInterfaceOrientationLandscapeLeft UIInterfaceOrientationLandscapeRight";
				INFOPLIST_KEY_UISupportedInterfaceOrientations_iPhone = "UIInterfaceOrientationPortrait UIInterfaceOrientationLandscapeLeft UIInterfaceOrientationLandscapeRight";
				LD_RUNPATH_SEARCH_PATHS = (
					"$(inherited)",
					"@executable_path/Frameworks",
				);
				MARKETING_VERSION = 1.0;
				PRODUCT_BUNDLE_IDENTIFIER = backfront.TransicaodeDadosEntreTelas2;
				PRODUCT_NAME = "$(TARGET_NAME)";
				SWIFT_EMIT_LOC_STRINGS = YES;
				SWIFT_VERSION = 5.0;
				TARGETED_DEVICE_FAMILY = "1,2";
			};
			name = Debug;
		};
		203A21B328FF879400B234CC /* Release */ = {
			isa = XCBuildConfiguration;
			buildSettings = {
				ASSETCATALOG_COMPILER_APPICON_NAME = AppIcon;
				ASSETCATALOG_COMPILER_GLOBAL_ACCENT_COLOR_NAME = AccentColor;
				CODE_SIGN_STYLE = Automatic;
				CURRENT_PROJECT_VERSION = 1;
				GENERATE_INFOPLIST_FILE = YES;
				INFOPLIST_FILE = TransicaodeDadosEntreTelas2/Info.plist;
				INFOPLIST_KEY_UIApplicationSupportsIndirectInputEvents = YES;
				INFOPLIST_KEY_UILaunchStoryboardName = LaunchScreen;
				INFOPLIST_KEY_UIMainStoryboardFile = Main;
				INFOPLIST_KEY_UISupportedInterfaceOrientations_iPad = "UIInterfaceOrientationPortrait UIInterfaceOrientationPortraitUpsideDown UIInterfaceOrientationLandscapeLeft UIInterfaceOrientationLandscapeRight";
				INFOPLIST_KEY_UISupportedInterfaceOrientations_iPhone = "UIInterfaceOrientationPortrait UIInterfaceOrientationLandscapeLeft UIInterfaceOrientationLandscapeRight";
				LD_RUNPATH_SEARCH_PATHS = (
					"$(inherited)",
					"@executable_path/Frameworks",
				);
				MARKETING_VERSION = 1.0;
				PRODUCT_BUNDLE_IDENTIFIER = backfront.TransicaodeDadosEntreTelas2;
				PRODUCT_NAME = "$(TARGET_NAME)";
				SWIFT_EMIT_LOC_STRINGS = YES;
				SWIFT_VERSION = 5.0;
				TARGETED_DEVICE_FAMILY = "1,2";
			};
			name = Release;
		};
/* End XCBuildConfiguration section */

/* Begin XCConfigurationList section */
		203A219828FF879200B234CC /* Build configuration list for PBXProject "TransicaodeDadosEntreTelas2" */ = {
			isa = XCConfigurationList;
			buildConfigurations = (
				203A21AF28FF879400B234CC /* Debug */,
				203A21B028FF879400B234CC /* Release */,
			);
			defaultConfigurationIsVisible = 0;
			defaultConfigurationName = Release;
		};
		203A21B128FF879400B234CC /* Build configuration list for PBXNativeTarget "TransicaodeDadosEntreTelas2" */ = {
			isa = XCConfigurationList;
			buildConfigurations = (
				203A21B228FF879400B234CC /* Debug */,
				203A21B328FF879400B234CC /* Release */,
			);
			defaultConfigurationIsVisible = 0;
			defaultConfigurationName = Release;
		};
/* End XCConfigurationList section */
	};
	rootObject = 203A219528FF879200B234CC /* Project object */;
}
